# This file is automatically @generated by Cargo.
# It is not intended for manual editing.
version = 4

[[package]]
name = "wallfolio-backend-api"
version = "0.1.0"

[[package]]
name = "wallfolio-catalog"
version = "0.1.0"

[[package]]
name = "wallfolio-cli"
version = "0.1.0"

[[package]]
name = "wallfolio-core"
version = "0.1.0"

[[package]]
name = "wallfolio-protocol"
version = "0.1.0"

[[package]]
name = "wallfolio-provider-api"
version = "0.1.0"

[[package]]
name = "wallfolio-storage"
version = "0.1.0"

[[package]]
name = "wallfoliod"
version = "0.1.0"
